
Microsoft Visual Studio Solution File, Format Version 12.00
# Visual Studio 15
VisualStudioVersion = 15.0.28010.2036
MinimumVisualStudioVersion = 10.0.40219.1
Project("{FAE04EC0-301F-11D3-BF4B-00C04F79EFBC}") = "GrandCircusLab5", "GrandCircusLab5\GrandCircusLab5.csproj", "{3A75A36D-DB76-4748-B103-047C1E274902}"
EndProject
Global
	GlobalSection(SolutionConfigurationPlatforms) = preSolution
		Debug|Any CPU = Debug|Any CPU
		Release|Any CPU = Release|Any CPU
	EndGlobalSection
	GlobalSection(ProjectConfigurationPlatforms) = postSolution
		{3A75A36D-DB76-4748-B103-047C1E274902}.Debug|Any CPU.ActiveCfg = Debug|Any CPU
		{3A75A36D-DB76-4748-B103-047C1E274902}.Debug|Any CPU.Build.0 = Debug|Any CPU
		{3A75A36D-DB76-4748-B103-047C1E274902}.Release|Any CPU.ActiveCfg = Release|Any CPU
		{3A75A36D-DB76-4748-B103-047C1E274902}.Release|Any CPU.Build.0 = Release|Any CPU
	EndGlobalSection
	GlobalSection(SolutionProperties) = preSolution
		HideSolutionNode = FALSE
	EndGlobalSection
	GlobalSection(ExtensibilityGlobals) = postSolution
		SolutionGuid = {D4CC6180-2702-408B-A83D-B4B21441442B}
	EndGlobalSection
EndGlobal
